{
    "_readme": [
        "This file locks the dependencies of your project to a known state",
        "Read more about it at https://getcomposer.org/doc/01-basic-usage.md#installing-dependencies",
        "This file is @generated automatically"
    ],
    "content-hash": "769e3f74e72de3ef31632f0ff001c2c0",
    "packages": [
        {
            "name": "eru123/wyue",
            "version": "dev-main",
            "source": {
                "type": "git",
                "url": "https://github.com/eru123/wyue.git",
                "reference": "edb651eff73d1ab9c5f87a9391b0e74a4a20b1d4"
            },
            "dist": {
                "type": "zip",
                "url": "https://api.github.com/repos/eru123/wyue/zipball/edb651eff73d1ab9c5f87a9391b0e74a4a20b1d4",
                "reference": "edb651eff73d1ab9c5f87a9391b0e74a4a20b1d4",
                "shasum": ""
            },
            "default-branch": true,
            "type": "library",
            "autoload": {
                "psr-4": {
                    "Wyue\\": "src/"
                }
            },
            "notification-url": "https://packagist.org/downloads/",
            "license": [
                "Apache-2.0"
            ],
            "authors": [
                {
                    "name": "eru123",
                    "email": "yeoligoakino@gmail.com"
                }
            ],
            "description": "Framework for developing Vite.js application on top of PHP",
            "support": {
                "issues": "https://github.com/eru123/wyue/issues",
                "source": "https://github.com/eru123/wyue/tree/main"
            },
            "time": "2024-10-09T05:05:43+00:00"
        }
    ],
    "packages-dev": [],
    "aliases": [],
    "minimum-stability": "stable",
    "stability-flags": {
        "eru123/wyue": 20
    },
    "prefer-stable": false,
    "prefer-lowest": false,
    "platform": {},
    "platform-dev": {},
    "plugin-api-version": "2.6.0"
}
